
Microsoft Visual Studio Solution File, Format Version 12.00
# Visual Studio Version 17
VisualStudioVersion = 17.10.35004.147
MinimumVisualStudioVersion = 10.0.40219.1
Project("{FAE04EC0-301F-11D3-BF4B-00C04F79EFBC}") = "SistemaAgendamentoTarefasDIO", "SistemaAgendamentoTarefasDIO\SistemaAgendamentoTarefasDIO.csproj", "{CCFFB914-EA55-43A0-AA44-9719D2A1B980}"
EndProject
Global
	GlobalSection(SolutionConfigurationPlatforms) = preSolution
		Debug|Any CPU = Debug|Any CPU
		Release|Any CPU = Release|Any CPU
	EndGlobalSection
	GlobalSection(ProjectConfigurationPlatforms) = postSolution
		{CCFFB914-EA55-43A0-AA44-9719D2A1B980}.Debug|Any CPU.ActiveCfg = Debug|Any CPU
		{CCFFB914-EA55-43A0-AA44-9719D2A1B980}.Debug|Any CPU.Build.0 = Debug|Any CPU
		{CCFFB914-EA55-43A0-AA44-9719D2A1B980}.Release|Any CPU.ActiveCfg = Release|Any CPU
		{CCFFB914-EA55-43A0-AA44-9719D2A1B980}.Release|Any CPU.Build.0 = Release|Any CPU
	EndGlobalSection
	GlobalSection(SolutionProperties) = preSolution
		HideSolutionNode = FALSE
	EndGlobalSection
	GlobalSection(ExtensibilityGlobals) = postSolution
		SolutionGuid = {9BF638F5-6AFE-441C-8448-3D5A548AC12A}
	EndGlobalSection
EndGlobal
